
Microsoft Visual Studio Solution File, Format Version 12.00
# Visual Studio 15
VisualStudioVersion = 15.0.26730.12
MinimumVisualStudioVersion = 10.0.40219.1
Project("{9A19103F-16F7-4668-BE54-9A1E7A4F7556}") = "Destiny2.WebServer", "Destiny2.WebServer\Destiny2.WebServer.csproj", "{7BFEC651-E170-4AAE-A1A8-E41BFCCFDF09}"
EndProject
Project("{9A19103F-16F7-4668-BE54-9A1E7A4F7556}") = "Destiny2.Core", "Destiny2.Core\Destiny2.Core.csproj", "{71C8199F-32B3-43EA-B9BB-79D98E123873}"
EndProject
Project("{9A19103F-16F7-4668-BE54-9A1E7A4F7556}") = "Destiny2", "Destiny2\Destiny2.csproj", "{76610B92-58CD-4B7E-BDD6-621E93A88ED5}"
EndProject
Global
	GlobalSection(SolutionConfigurationPlatforms) = preSolution
		Debug|Any CPU = Debug|Any CPU
		Release|Any CPU = Release|Any CPU
	EndGlobalSection
	GlobalSection(ProjectConfigurationPlatforms) = postSolution
		{7BFEC651-E170-4AAE-A1A8-E41BFCCFDF09}.Debug|Any CPU.ActiveCfg = Debug|Any CPU
		{7BFEC651-E170-4AAE-A1A8-E41BFCCFDF09}.Debug|Any CPU.Build.0 = Debug|Any CPU
		{7BFEC651-E170-4AAE-A1A8-E41BFCCFDF09}.Release|Any CPU.ActiveCfg = Release|Any CPU
		{7BFEC651-E170-4AAE-A1A8-E41BFCCFDF09}.Release|Any CPU.Build.0 = Release|Any CPU
		{71C8199F-32B3-43EA-B9BB-79D98E123873}.Debug|Any CPU.ActiveCfg = Debug|Any CPU
		{71C8199F-32B3-43EA-B9BB-79D98E123873}.Debug|Any CPU.Build.0 = Debug|Any CPU
		{71C8199F-32B3-43EA-B9BB-79D98E123873}.Release|Any CPU.ActiveCfg = Release|Any CPU
		{71C8199F-32B3-43EA-B9BB-79D98E123873}.Release|Any CPU.Build.0 = Release|Any CPU
		{76610B92-58CD-4B7E-BDD6-621E93A88ED5}.Debug|Any CPU.ActiveCfg = Debug|Any CPU
		{76610B92-58CD-4B7E-BDD6-621E93A88ED5}.Debug|Any CPU.Build.0 = Debug|Any CPU
		{76610B92-58CD-4B7E-BDD6-621E93A88ED5}.Release|Any CPU.ActiveCfg = Release|Any CPU
		{76610B92-58CD-4B7E-BDD6-621E93A88ED5}.Release|Any CPU.Build.0 = Release|Any CPU
	EndGlobalSection
	GlobalSection(SolutionProperties) = preSolution
		HideSolutionNode = FALSE
	EndGlobalSection
	GlobalSection(ExtensibilityGlobals) = postSolution
		SolutionGuid = {AA1305F5-1796-4A30-A33B-6558964494A8}
	EndGlobalSection
EndGlobal
